// !$*UTF8*$!
{
	archiveVersion = 1;
	classes = {
	};
	objectVersion = 56;
	objects = {

/* Begin PBXBuildFile section */
		B4FA10152A461E120055EEDE /* ListOfDogsApp.swift in Sources */ = {isa = PBXBuildFile; fileRef = B4FA10142A461E120055EEDE /* ListOfDogsApp.swift */; };
		B4FA101C2A461E130055EEDE /* Preview Assets.xcassets in Resources */ = {isa = PBXBuildFile; fileRef = B4FA101B2A461E130055EEDE /* Preview Assets.xcassets */; };
		B4FA10242A461E470055EEDE /* Moya in Frameworks */ = {isa = PBXBuildFile; productRef = B4FA10232A461E470055EEDE /* Moya */; };
		B4FA10352A461E560055EEDE /* DogInfoView.swift in Sources */ = {isa = PBXBuildFile; fileRef = B4FA10272A461E560055EEDE /* DogInfoView.swift */; };
		B4FA10362A461E560055EEDE /* Dog.swift in Sources */ = {isa = PBXBuildFile; fileRef = B4FA102A2A461E560055EEDE /* Dog.swift */; };
		B4FA10372A461E560055EEDE /* MoyaSettings.swift in Sources */ = {isa = PBXBuildFile; fileRef = B4FA102B2A461E560055EEDE /* MoyaSettings.swift */; };
		B4FA10382A461E560055EEDE /* DogJSONDecoder.swift in Sources */ = {isa = PBXBuildFile; fileRef = B4FA102C2A461E560055EEDE /* DogJSONDecoder.swift */; };
		B4FA10392A461E560055EEDE /* DogMoya.swift in Sources */ = {isa = PBXBuildFile; fileRef = B4FA102D2A461E560055EEDE /* DogMoya.swift */; };
		B4FA103A2A461E560055EEDE /* DogsListViewModel.swift in Sources */ = {isa = PBXBuildFile; fileRef = B4FA102F2A461E560055EEDE /* DogsListViewModel.swift */; };
		B4FA103B2A461E560055EEDE /* DogsListView.swift in Sources */ = {isa = PBXBuildFile; fileRef = B4FA10312A461E560055EEDE /* DogsListView.swift */; };
		B4FA103C2A461E560055EEDE /* LoginView.swift in Sources */ = {isa = PBXBuildFile; fileRef = B4FA10342A461E560055EEDE /* LoginView.swift */; };
		B4FA103E2A461EF00055EEDE /* Assets.xcassets in Resources */ = {isa = PBXBuildFile; fileRef = B4FA103D2A461EF00055EEDE /* Assets.xcassets */; };
/* End PBXBuildFile section */

/* Begin PBXFileReference section */
		B4FA10112A461E120055EEDE /* ListOfDogs.app */ = {isa = PBXFileReference; explicitFileType = wrapper.application; includeInIndex = 0; path = ListOfDogs.app; sourceTree = BUILT_PRODUCTS_DIR; };
		B4FA10142A461E120055EEDE /* ListOfDogsApp.swift */ = {isa = PBXFileReference; lastKnownFileType = sourcecode.swift; path = ListOfDogsApp.swift; sourceTree = "<group>"; };
		B4FA101B2A461E130055EEDE /* Preview Assets.xcassets */ = {isa = PBXFileReference; lastKnownFileType = folder.assetcatalog; path = "Preview Assets.xcassets"; sourceTree = "<group>"; };
		B4FA10272A461E560055EEDE /* DogInfoView.swift */ = {isa = PBXFileReference; fileEncoding = 4; lastKnownFileType = sourcecode.swift; path = DogInfoView.swift; sourceTree = "<group>"; };
		B4FA102A2A461E560055EEDE /* Dog.swift */ = {isa = PBXFileReference; fileEncoding = 4; lastKnownFileType = sourcecode.swift; path = Dog.swift; sourceTree = "<group>"; };
		B4FA102B2A461E560055EEDE /* MoyaSettings.swift */ = {isa = PBXFileReference; fileEncoding = 4; lastKnownFileType = sourcecode.swift; path = MoyaSettings.swift; sourceTree = "<group>"; };
		B4FA102C2A461E560055EEDE /* DogJSONDecoder.swift */ = {isa = PBXFileReference; fileEncoding = 4; lastKnownFileType = sourcecode.swift; path = DogJSONDecoder.swift; sourceTree = "<group>"; };
		B4FA102D2A461E560055EEDE /* DogMoya.swift */ = {isa = PBXFileReference; fileEncoding = 4; lastKnownFileType = sourcecode.swift; path = DogMoya.swift; sourceTree = "<group>"; };
		B4FA102F2A461E560055EEDE /* DogsListViewModel.swift */ = {isa = PBXFileReference; fileEncoding = 4; lastKnownFileType = sourcecode.swift; path = DogsListViewModel.swift; sourceTree = "<group>"; };
		B4FA10312A461E560055EEDE /* DogsListView.swift */ = {isa = PBXFileReference; fileEncoding = 4; lastKnownFileType = sourcecode.swift; path = DogsListView.swift; sourceTree = "<group>"; };
		B4FA10342A461E560055EEDE /* LoginView.swift */ = {isa = PBXFileReference; fileEncoding = 4; lastKnownFileType = sourcecode.swift; path = LoginView.swift; sourceTree = "<group>"; };
		B4FA103D2A461EF00055EEDE /* Assets.xcassets */ = {isa = PBXFileReference; lastKnownFileType = folder.assetcatalog; path = Assets.xcassets; sourceTree = "<group>"; };
/* End PBXFileReference section */

/* Begin PBXFrameworksBuildPhase section */
		B4FA100E2A461E120055EEDE /* Frameworks */ = {
			isa = PBXFrameworksBuildPhase;
			buildActionMask = 2147483647;
			files = (
				B4FA10242A461E470055EEDE /* Moya in Frameworks */,
			);
			runOnlyForDeploymentPostprocessing = 0;
		};
/* End PBXFrameworksBuildPhase section */

/* Begin PBXGroup section */
		B4FA10082A461E120055EEDE = {
			isa = PBXGroup;
			children = (
				B4FA10132A461E120055EEDE /* ListOfDogs */,
				B4FA10122A461E120055EEDE /* Products */,
			);
			sourceTree = "<group>";
		};
		B4FA10122A461E120055EEDE /* Products */ = {
			isa = PBXGroup;
			children = (
				B4FA10112A461E120055EEDE /* ListOfDogs.app */,
			);
			name = Products;
			sourceTree = "<group>";
		};
		B4FA10132A461E120055EEDE /* ListOfDogs */ = {
			isa = PBXGroup;
			children = (
				B4FA10252A461E560055EEDE /* MVVM DogInfo */,
				B4FA10282A461E560055EEDE /* MVVM DogsList */,
				B4FA10322A461E560055EEDE /* MVVM Login */,
				B4FA10142A461E120055EEDE /* ListOfDogsApp.swift */,
				B4FA103D2A461EF00055EEDE /* Assets.xcassets */,
				B4FA101A2A461E130055EEDE /* Preview Content */,
			);
			path = ListOfDogs;
			sourceTree = "<group>";
		};
		B4FA101A2A461E130055EEDE /* Preview Content */ = {
			isa = PBXGroup;
			children = (
				B4FA101B2A461E130055EEDE /* Preview Assets.xcassets */,
			);
			path = "Preview Content";
			sourceTree = "<group>";
		};
		B4FA10252A461E560055EEDE /* MVVM DogInfo */ = {
			isa = PBXGroup;
			children = (
				B4FA10262A461E560055EEDE /* DogInfoView */,
			);
			path = "MVVM DogInfo";
			sourceTree = "<group>";
		};
		B4FA10262A461E560055EEDE /* DogInfoView */ = {
			isa = PBXGroup;
			children = (
				B4FA10272A461E560055EEDE /* DogInfoView.swift */,
			);
			path = DogInfoView;
			sourceTree = "<group>";
		};
		B4FA10282A461E560055EEDE /* MVVM DogsList */ = {
			isa = PBXGroup;
			children = (
				B4FA10292A461E560055EEDE /* DogsListModel */,
				B4FA102E2A461E560055EEDE /* DogsListViewModel */,
				B4FA10302A461E560055EEDE /* DogsListView */,
			);
			path = "MVVM DogsList";
			sourceTree = "<group>";
		};
		B4FA10292A461E560055EEDE /* DogsListModel */ = {
			isa = PBXGroup;
			children = (
				B4FA102A2A461E560055EEDE /* Dog.swift */,
				B4FA102B2A461E560055EEDE /* MoyaSettings.swift */,
				B4FA102C2A461E560055EEDE /* DogJSONDecoder.swift */,
				B4FA102D2A461E560055EEDE /* DogMoya.swift */,
			);
			path = DogsListModel;
			sourceTree = "<group>";
		};
		B4FA102E2A461E560055EEDE /* DogsListViewModel */ = {
			isa = PBXGroup;
			children = (
				B4FA102F2A461E560055EEDE /* DogsListViewModel.swift */,
			);
			path = DogsListViewModel;
			sourceTree = "<group>";
		};
		B4FA10302A461E560055EEDE /* DogsListView */ = {
			isa = PBXGroup;
			children = (
				B4FA10312A461E560055EEDE /* DogsListView.swift */,
			);
			path = DogsListView;
			sourceTree = "<group>";
		};
		B4FA10322A461E560055EEDE /* MVVM Login */ = {
			isa = PBXGroup;
			children = (
				B4FA10332A461E560055EEDE /* LoginView */,
			);
			path = "MVVM Login";
			sourceTree = "<group>";
		};
		B4FA10332A461E560055EEDE /* LoginView */ = {
			isa = PBXGroup;
			children = (
				B4FA10342A461E560055EEDE /* LoginView.swift */,
			);
			path = LoginView;
			sourceTree = "<group>";
		};
/* End PBXGroup section */

/* Begin PBXNativeTarget section */
		B4FA10102A461E120055EEDE /* ListOfDogs */ = {
			isa = PBXNativeTarget;
			buildConfigurationList = B4FA101F2A461E130055EEDE /* Build configuration list for PBXNativeTarget "ListOfDogs" */;
			buildPhases = (
				B4FA100D2A461E120055EEDE /* Sources */,
				B4FA100E2A461E120055EEDE /* Frameworks */,
				B4FA100F2A461E120055EEDE /* Resources */,
			);
			buildRules = (
			);
			dependencies = (
			);
			name = ListOfDogs;
			packageProductDependencies = (
				B4FA10232A461E470055EEDE /* Moya */,
			);
			productName = ListOfDogs;
			productReference = B4FA10112A461E120055EEDE /* ListOfDogs.app */;
			productType = "com.apple.product-type.application";
		};
/* End PBXNativeTarget section */

/* Begin PBXProject section */
		B4FA10092A461E120055EEDE /* Project object */ = {
			isa = PBXProject;
			attributes = {
				BuildIndependentTargetsInParallel = 1;
				LastSwiftUpdateCheck = 1430;
				LastUpgradeCheck = 1430;
				TargetAttributes = {
					B4FA10102A461E120055EEDE = {
						CreatedOnToolsVersion = 14.3.1;
					};
				};
			};
			buildConfigurationList = B4FA100C2A461E120055EEDE /* Build configuration list for PBXProject "ListOfDogs" */;
			compatibilityVersion = "Xcode 14.0";
			developmentRegion = en;
			hasScannedForEncodings = 0;
			knownRegions = (
				en,
				Base,
			);
			mainGroup = B4FA10082A461E120055EEDE;
			packageReferences = (
				B4FA10222A461E470055EEDE /* XCRemoteSwiftPackageReference "Moya" */,
			);
			productRefGroup = B4FA10122A461E120055EEDE /* Products */;
			projectDirPath = "";
			projectRoot = "";
			targets = (
				B4FA10102A461E120055EEDE /* ListOfDogs */,
			);
		};
/* End PBXProject section */

/* Begin PBXResourcesBuildPhase section */
		B4FA100F2A461E120055EEDE /* Resources */ = {
			isa = PBXResourcesBuildPhase;
			buildActionMask = 2147483647;
			files = (
				B4FA103E2A461EF00055EEDE /* Assets.xcassets in Resources */,
				B4FA101C2A461E130055EEDE /* Preview Assets.xcassets in Resources */,
			);
			runOnlyForDeploymentPostprocessing = 0;
		};
/* End PBXResourcesBuildPhase section */

/* Begin PBXSourcesBuildPhase section */
		B4FA100D2A461E120055EEDE /* Sources */ = {
			isa = PBXSourcesBuildPhase;
			buildActionMask = 2147483647;
			files = (
				B4FA10352A461E560055EEDE /* DogInfoView.swift in Sources */,
				B4FA10362A461E560055EEDE /* Dog.swift in Sources */,
				B4FA10392A461E560055EEDE /* DogMoya.swift in Sources */,
				B4FA103B2A461E560055EEDE /* DogsListView.swift in Sources */,
				B4FA10382A461E560055EEDE /* DogJSONDecoder.swift in Sources */,
				B4FA10152A461E120055EEDE /* ListOfDogsApp.swift in Sources */,
				B4FA10372A461E560055EEDE /* MoyaSettings.swift in Sources */,
				B4FA103C2A461E560055EEDE /* LoginView.swift in Sources */,
				B4FA103A2A461E560055EEDE /* DogsListViewModel.swift in Sources */,
			);
			runOnlyForDeploymentPostprocessing = 0;
		};
/* End PBXSourcesBuildPhase section */

/* Begin XCBuildConfiguration section */
		B4FA101D2A461E130055EEDE /* Debug */ = {
			isa = XCBuildConfiguration;
			buildSettings = {
				ALWAYS_SEARCH_USER_PATHS = NO;
				CLANG_ANALYZER_NONNULL = YES;
				CLANG_ANALYZER_NUMBER_OBJECT_CONVERSION = YES_AGGRESSIVE;
				CLANG_CXX_LANGUAGE_STANDARD = "gnu++20";
				CLANG_ENABLE_MODULES = YES;
				CLANG_ENABLE_OBJC_ARC = YES;
				CLANG_ENABLE_OBJC_WEAK = YES;
				CLANG_WARN_BLOCK_CAPTURE_AUTORELEASING = YES;
				CLANG_WARN_BOOL_CONVERSION = YES;
				CLANG_WARN_COMMA = YES;
				CLANG_WARN_CONSTANT_CONVERSION = YES;
				CLANG_WARN_DEPRECATED_OBJC_IMPLEMENTATIONS = YES;
				CLANG_WARN_DIRECT_OBJC_ISA_USAGE = YES_ERROR;
				CLANG_WARN_DOCUMENTATION_COMMENTS = YES;
				CLANG_WARN_EMPTY_BODY = YES;
				CLANG_WARN_ENUM_CONVERSION = YES;
				CLANG_WARN_INFINITE_RECURSION = YES;
				CLANG_WARN_INT_CONVERSION = YES;
				CLANG_WARN_NON_LITERAL_NULL_CONVERSION = YES;
				CLANG_WARN_OBJC_IMPLICIT_RETAIN_SELF = YES;
				CLANG_WARN_OBJC_LITERAL_CONVERSION = YES;
				CLANG_WARN_OBJC_ROOT_CLASS = YES_ERROR;
				CLANG_WARN_QUOTED_INCLUDE_IN_FRAMEWORK_HEADER = YES;
				CLANG_WARN_RANGE_LOOP_ANALYSIS = YES;
				CLANG_WARN_STRICT_PROTOTYPES = YES;
				CLANG_WARN_SUSPICIOUS_MOVE = YES;
				CLANG_WARN_UNGUARDED_AVAILABILITY = YES_AGGRESSIVE;
				CLANG_WARN_UNREACHABLE_CODE = YES;
				CLANG_WARN__DUPLICATE_METHOD_MATCH = YES;
				COPY_PHASE_STRIP = NO;
				DEBUG_INFORMATION_FORMAT = dwarf;
				ENABLE_STRICT_OBJC_MSGSEND = YES;
				ENABLE_TESTABILITY = YES;
				GCC_C_LANGUAGE_STANDARD = gnu11;
				GCC_DYNAMIC_NO_PIC = NO;
				GCC_NO_COMMON_BLOCKS = YES;
				GCC_OPTIMIZATION_LEVEL = 0;
				GCC_PREPROCESSOR_DEFINITIONS = (
					"DEBUG=1",
					"$(inherited)",
				);
				GCC_WARN_64_TO_32_BIT_CONVERSION = YES;
				GCC_WARN_ABOUT_RETURN_TYPE = YES_ERROR;
				GCC_WARN_UNDECLARED_SELECTOR = YES;
				GCC_WARN_UNINITIALIZED_AUTOS = YES_AGGRESSIVE;
				GCC_WARN_UNUSED_FUNCTION = YES;
				GCC_WARN_UNUSED_VARIABLE = YES;
				IPHONEOS_DEPLOYMENT_TARGET = 16.4;
				MTL_ENABLE_DEBUG_INFO = INCLUDE_SOURCE;
				MTL_FAST_MATH = YES;
				ONLY_ACTIVE_ARCH = YES;
				SDKROOT = iphoneos;
				SWIFT_ACTIVE_COMPILATION_CONDITIONS = DEBUG;
				SWIFT_OPTIMIZATION_LEVEL = "-Onone";
			};
			name = Debug;
		};
		B4FA101E2A461E130055EEDE /* Release */ = {
			isa = XCBuildConfiguration;
			buildSettings = {
				ALWAYS_SEARCH_USER_PATHS = NO;
				CLANG_ANALYZER_NONNULL = YES;
				CLANG_ANALYZER_NUMBER_OBJECT_CONVERSION = YES_AGGRESSIVE;
				CLANG_CXX_LANGUAGE_STANDARD = "gnu++20";
				CLANG_ENABLE_MODULES = YES;
				CLANG_ENABLE_OBJC_ARC = YES;
				CLANG_ENABLE_OBJC_WEAK = YES;
				CLANG_WARN_BLOCK_CAPTURE_AUTORELEASING = YES;
				CLANG_WARN_BOOL_CONVERSION = YES;
				CLANG_WARN_COMMA = YES;
				CLANG_WARN_CONSTANT_CONVERSION = YES;
				CLANG_WARN_DEPRECATED_OBJC_IMPLEMENTATIONS = YES;
				CLANG_WARN_DIRECT_OBJC_ISA_USAGE = YES_ERROR;
				CLANG_WARN_DOCUMENTATION_COMMENTS = YES;
				CLANG_WARN_EMPTY_BODY = YES;
				CLANG_WARN_ENUM_CONVERSION = YES;
				CLANG_WARN_INFINITE_RECURSION = YES;
				CLANG_WARN_INT_CONVERSION = YES;
				CLANG_WARN_NON_LITERAL_NULL_CONVERSION = YES;
				CLANG_WARN_OBJC_IMPLICIT_RETAIN_SELF = YES;
				CLANG_WARN_OBJC_LITERAL_CONVERSION = YES;
				CLANG_WARN_OBJC_ROOT_CLASS = YES_ERROR;
				CLANG_WARN_QUOTED_INCLUDE_IN_FRAMEWORK_HEADER = YES;
				CLANG_WARN_RANGE_LOOP_ANALYSIS = YES;
				CLANG_WARN_STRICT_PROTOTYPES = YES;
				CLANG_WARN_SUSPICIOUS_MOVE = YES;
				CLANG_WARN_UNGUARDED_AVAILABILITY = YES_AGGRESSIVE;
				CLANG_WARN_UNREACHABLE_CODE = YES;
				CLANG_WARN__DUPLICATE_METHOD_MATCH = YES;
				COPY_PHASE_STRIP = NO;
				DEBUG_INFORMATION_FORMAT = "dwarf-with-dsym";
				ENABLE_NS_ASSERTIONS = NO;
				ENABLE_STRICT_OBJC_MSGSEND = YES;
				GCC_C_LANGUAGE_STANDARD = gnu11;
				GCC_NO_COMMON_BLOCKS = YES;
				GCC_WARN_64_TO_32_BIT_CONVERSION = YES;
				GCC_WARN_ABOUT_RETURN_TYPE = YES_ERROR;
				GCC_WARN_UNDECLARED_SELECTOR = YES;
				GCC_WARN_UNINITIALIZED_AUTOS = YES_AGGRESSIVE;
				GCC_WARN_UNUSED_FUNCTION = YES;
				GCC_WARN_UNUSED_VARIABLE = YES;
				IPHONEOS_DEPLOYMENT_TARGET = 16.4;
				MTL_ENABLE_DEBUG_INFO = NO;
				MTL_FAST_MATH = YES;
				SDKROOT = iphoneos;
				SWIFT_COMPILATION_MODE = wholemodule;
				SWIFT_OPTIMIZATION_LEVEL = "-O";
				VALIDATE_PRODUCT = YES;
			};
			name = Release;
		};
		B4FA10202A461E130055EEDE /* Debug */ = {
			isa = XCBuildConfiguration;
			buildSettings = {
				ASSETCATALOG_COMPILER_APPICON_NAME = AppIcon;
				ASSETCATALOG_COMPILER_GLOBAL_ACCENT_COLOR_NAME = AccentColor;
				CODE_SIGN_STYLE = Automatic;
				CURRENT_PROJECT_VERSION = 1;
				DEVELOPMENT_ASSET_PATHS = "\"ListOfDogs/Preview Content\"";
				DEVELOPMENT_TEAM = 8ZZ48UWX6P;
				ENABLE_PREVIEWS = YES;
				GENERATE_INFOPLIST_FILE = YES;
				INFOPLIST_KEY_CFBundleDisplayName = "List of dogs";
				INFOPLIST_KEY_UIApplicationSceneManifest_Generation = YES;
				INFOPLIST_KEY_UIApplicationSupportsIndirectInputEvents = YES;
				INFOPLIST_KEY_UILaunchScreen_Generation = YES;
				INFOPLIST_KEY_UISupportedInterfaceOrientations_iPad = "UIInterfaceOrientationPortrait UIInterfaceOrientationPortraitUpsideDown UIInterfaceOrientationLandscapeLeft UIInterfaceOrientationLandscapeRight";
				INFOPLIST_KEY_UISupportedInterfaceOrientations_iPhone = "UIInterfaceOrientationPortrait UIInterfaceOrientationLandscapeLeft UIInterfaceOrientationLandscapeRight";
				LD_RUNPATH_SEARCH_PATHS = (
					"$(inherited)",
					"@executable_path/Frameworks",
				);
				MARKETING_VERSION = 1.0;
				PRODUCT_BUNDLE_IDENTIFIER = baozorp.ListOfDogs;
				PRODUCT_NAME = "$(TARGET_NAME)";
				SWIFT_EMIT_LOC_STRINGS = YES;
				SWIFT_VERSION = 5.0;
				TARGETED_DEVICE_FAMILY = "1,2";
			};
			name = Debug;
		};
		B4FA10212A461E130055EEDE /* Release */ = {
			isa = XCBuildConfiguration;
			buildSettings = {
				ASSETCATALOG_COMPILER_APPICON_NAME = AppIcon;
				ASSETCATALOG_COMPILER_GLOBAL_ACCENT_COLOR_NAME = AccentColor;
				CODE_SIGN_STYLE = Automatic;
				CURRENT_PROJECT_VERSION = 1;
				DEVELOPMENT_ASSET_PATHS = "\"ListOfDogs/Preview Content\"";
				DEVELOPMENT_TEAM = 8ZZ48UWX6P;
				ENABLE_PREVIEWS = YES;
				GENERATE_INFOPLIST_FILE = YES;
				INFOPLIST_KEY_CFBundleDisplayName = "List of dogs";
				INFOPLIST_KEY_UIApplicationSceneManifest_Generation = YES;
				INFOPLIST_KEY_UIApplicationSupportsIndirectInputEvents = YES;
				INFOPLIST_KEY_UILaunchScreen_Generation = YES;
				INFOPLIST_KEY_UISupportedInterfaceOrientations_iPad = "UIInterfaceOrientationPortrait UIInterfaceOrientationPortraitUpsideDown UIInterfaceOrientationLandscapeLeft UIInterfaceOrientationLandscapeRight";
				INFOPLIST_KEY_UISupportedInterfaceOrientations_iPhone = "UIInterfaceOrientationPortrait UIInterfaceOrientationLandscapeLeft UIInterfaceOrientationLandscapeRight";
				LD_RUNPATH_SEARCH_PATHS = (
					"$(inherited)",
					"@executable_path/Frameworks",
				);
				MARKETING_VERSION = 1.0;
				PRODUCT_BUNDLE_IDENTIFIER = baozorp.ListOfDogs;
				PRODUCT_NAME = "$(TARGET_NAME)";
				SWIFT_EMIT_LOC_STRINGS = YES;
				SWIFT_VERSION = 5.0;
				TARGETED_DEVICE_FAMILY = "1,2";
			};
			name = Release;
		};
/* End XCBuildConfiguration section */

/* Begin XCConfigurationList section */
		B4FA100C2A461E120055EEDE /* Build configuration list for PBXProject "ListOfDogs" */ = {
			isa = XCConfigurationList;
			buildConfigurations = (
				B4FA101D2A461E130055EEDE /* Debug */,
				B4FA101E2A461E130055EEDE /* Release */,
			);
			defaultConfigurationIsVisible = 0;
			defaultConfigurationName = Release;
		};
		B4FA101F2A461E130055EEDE /* Build configuration list for PBXNativeTarget "ListOfDogs" */ = {
			isa = XCConfigurationList;
			buildConfigurations = (
				B4FA10202A461E130055EEDE /* Debug */,
				B4FA10212A461E130055EEDE /* Release */,
			);
			defaultConfigurationIsVisible = 0;
			defaultConfigurationName = Release;
		};
/* End XCConfigurationList section */

/* Begin XCRemoteSwiftPackageReference section */
		B4FA10222A461E470055EEDE /* XCRemoteSwiftPackageReference "Moya" */ = {
			isa = XCRemoteSwiftPackageReference;
			repositoryURL = "https://github.com/Moya/Moya";
			requirement = {
				kind = upToNextMajorVersion;
				minimumVersion = 15.0.0;
			};
		};
/* End XCRemoteSwiftPackageReference section */

/* Begin XCSwiftPackageProductDependency section */
		B4FA10232A461E470055EEDE /* Moya */ = {
			isa = XCSwiftPackageProductDependency;
			package = B4FA10222A461E470055EEDE /* XCRemoteSwiftPackageReference "Moya" */;
			productName = Moya;
		};
/* End XCSwiftPackageProductDependency section */
	};
	rootObject = B4FA10092A461E120055EEDE /* Project object */;
}
